{
  "name": "zapwise",
  "version": "1.0.0",
  "lockfileVersion": 3,
  "requires": true,
  "packages": {
    "": {
      "name": "zapwise",
      "version": "1.0.0",
      "license": "ISC",
      "dependencies": {
        "total4": "^0.0.97",
        "total5": "^0.0.5"
      }
    },
    "node_modules/total4": {
      "version": "0.0.97",
      "resolved": "https://registry.npmjs.org/total4/-/total4-0.0.97.tgz",
      "integrity": "sha512-5xoo0NXrSD7Yf9YqmuwktI4j82NqcDIqZR6xhK0CMRkghOeRXb4mbbweGGE0aaAiYt90jSLB4bWr1NDoI2+o7w==",
      "bin": {
        "total4": "bin/total4"
      }
    },
    "node_modules/total5": {
      "version": "0.0.5",
      "resolved": "https://registry.npmjs.org/total5/-/total5-0.0.5.tgz",
      "integrity": "sha512-gXMpM4IsX9TfBTCJV1Kzt5n5d0SczyNbzUd8MUvCz1d6sJudiZznMUCz2pe0ZPndWg4PGUK1pYOlaAD0I+9LIQ==",
      "bin": {
        "flow5": "bin/flow5",
        "total5": "bin/total5"
      }
    }
  }
}
